PODS:
  - Alamofire (4.5.1)
  - AlamofireImage (3.3.0):
    - Alamofire (~> 4.5)
  - ArcGIS-Runtime-SDK-iOS (100.1.0)

DEPENDENCIES:
  - Alamofire (~> 4.5)
  - AlamofireImage (~> 3.3)
  - ArcGIS-Runtime-SDK-iOS (= 100.1)

SPEC CHECKSUMS:
  Alamofire: 2d95912bf4c34f164fdfc335872e8c312acaea4a
  AlamofireImage: 2e784dc5d00f04903a52c1d169181469c805c3df
  ArcGIS-Runtime-SDK-iOS: 9b9c2478c974ef0b704b853948a19227f3124ceb

PODFILE CHECKSUM: 91efbb8794bc620ac4099cd6388eb3977dd10c36

COCOAPODS: 1.1.1
