PODS:
  - Alamofire (4.5.0)
  - ArcGIS-Runtime-SDK-iOS (100.1.0)

DEPENDENCIES:
  - Alamofire (~> 4.5)
  - ArcGIS-Runtime-SDK-iOS (= 100.1)

SPEC CHECKSUMS:
  Alamofire: f28cdffd29de33a7bfa022cbd63ae95a27fae140
  ArcGIS-Runtime-SDK-iOS: 9b9c2478c974ef0b704b853948a19227f3124ceb

PODFILE CHECKSUM: 09bdeb8240c79f6b7e63a860723f87ee746f279d

COCOAPODS: 1.2.1
